// !$*UTF8*$!
{
	archiveVersion = 1;
	classes = {
	};
	objectVersion = 56;
	objects = {

/* Begin PBXBuildFile section */
		BB842BED2AB4CB9E00C03F3E /* White-Plate-Transparent-Background.imageset in Resources */ = {isa = PBXBuildFile; fileRef = BB842BEC2AB4CB9D00C03F3E /* White-Plate-Transparent-Background.imageset */; };
		BB895FB12AB3781100C9C675 /* AppDelegate.swift in Sources */ = {isa = PBXBuildFile; fileRef = BB895FB02AB3781100C9C675 /* AppDelegate.swift */; };
		BB895FB32AB3781100C9C675 /* SceneDelegate.swift in Sources */ = {isa = PBXBuildFile; fileRef = BB895FB22AB3781100C9C675 /* SceneDelegate.swift */; };
		BB895FB52AB3781100C9C675 /* ViewController.swift in Sources */ = {isa = PBXBuildFile; fileRef = BB895FB42AB3781100C9C675 /* ViewController.swift */; };
		BB895FB82AB3781100C9C675 /* Main.storyboard in Resources */ = {isa = PBXBuildFile; fileRef = BB895FB62AB3781100C9C675 /* Main.storyboard */; };
		BB895FBA2AB3781300C9C675 /* Assets.xcassets in Resources */ = {isa = PBXBuildFile; fileRef = BB895FB92AB3781300C9C675 /* Assets.xcassets */; };
		BB895FBD2AB3781300C9C675 /* LaunchScreen.storyboard in Resources */ = {isa = PBXBuildFile; fileRef = BB895FBB2AB3781300C9C675 /* LaunchScreen.storyboard */; };
/* End PBXBuildFile section */

/* Begin PBXFileReference section */
		BB842BEC2AB4CB9D00C03F3E /* White-Plate-Transparent-Background.imageset */ = {isa = PBXFileReference; lastKnownFileType = folder; name = "White-Plate-Transparent-Background.imageset"; path = "Assets.xcassets/White-Plate-Transparent-Background.imageset"; sourceTree = "<group>"; };
		BB895FAD2AB3781100C9C675 /* HHM.app */ = {isa = PBXFileReference; explicitFileType = wrapper.application; includeInIndex = 0; path = HHM.app; sourceTree = BUILT_PRODUCTS_DIR; };
		BB895FB02AB3781100C9C675 /* AppDelegate.swift */ = {isa = PBXFileReference; lastKnownFileType = sourcecode.swift; path = AppDelegate.swift; sourceTree = "<group>"; };
		BB895FB22AB3781100C9C675 /* SceneDelegate.swift */ = {isa = PBXFileReference; lastKnownFileType = sourcecode.swift; path = SceneDelegate.swift; sourceTree = "<group>"; };
		BB895FB42AB3781100C9C675 /* ViewController.swift */ = {isa = PBXFileReference; lastKnownFileType = sourcecode.swift; path = ViewController.swift; sourceTree = "<group>"; };
		BB895FB72AB3781100C9C675 /* Base */ = {isa = PBXFileReference; lastKnownFileType = file.storyboard; name = Base; path = Base.lproj/Main.storyboard; sourceTree = "<group>"; };
		BB895FB92AB3781300C9C675 /* Assets.xcassets */ = {isa = PBXFileReference; lastKnownFileType = folder.assetcatalog; path = Assets.xcassets; sourceTree = "<group>"; };
		BB895FBC2AB3781300C9C675 /* Base */ = {isa = PBXFileReference; lastKnownFileType = file.storyboard; name = Base; path = Base.lproj/LaunchScreen.storyboard; sourceTree = "<group>"; };
		BB895FBE2AB3781300C9C675 /* Info.plist */ = {isa = PBXFileReference; lastKnownFileType = text.plist.xml; path = Info.plist; sourceTree = "<group>"; };
/* End PBXFileReference section */

/* Begin PBXFrameworksBuildPhase section */
		BB895FAA2AB3781100C9C675 /* Frameworks */ = {
			isa = PBXFrameworksBuildPhase;
			buildActionMask = 2147483647;
			files = (
			);
			runOnlyForDeploymentPostprocessing = 0;
		};
/* End PBXFrameworksBuildPhase section */

/* Begin PBXGroup section */
		BB895FA42AB3781100C9C675 = {
			isa = PBXGroup;
			children = (
				BB895FAF2AB3781100C9C675 /* HHM */,
				BB895FAE2AB3781100C9C675 /* Products */,
			);
			sourceTree = "<group>";
		};
		BB895FAE2AB3781100C9C675 /* Products */ = {
			isa = PBXGroup;
			children = (
				BB895FAD2AB3781100C9C675 /* HHM.app */,
			);
			name = Products;
			sourceTree = "<group>";
		};
		BB895FAF2AB3781100C9C675 /* HHM */ = {
			isa = PBXGroup;
			children = (
				BB895FB02AB3781100C9C675 /* AppDelegate.swift */,
				BB895FB22AB3781100C9C675 /* SceneDelegate.swift */,
				BB895FB42AB3781100C9C675 /* ViewController.swift */,
				BB895FB62AB3781100C9C675 /* Main.storyboard */,
				BB842BEC2AB4CB9D00C03F3E /* White-Plate-Transparent-Background.imageset */,
				BB895FB92AB3781300C9C675 /* Assets.xcassets */,
				BB895FBB2AB3781300C9C675 /* LaunchScreen.storyboard */,
				BB895FBE2AB3781300C9C675 /* Info.plist */,
			);
			path = HHM;
			sourceTree = "<group>";
		};
/* End PBXGroup section */

/* Begin PBXNativeTarget section */
		BB895FAC2AB3781100C9C675 /* HHM */ = {
			isa = PBXNativeTarget;
			buildConfigurationList = BB895FC12AB3781300C9C675 /* Build configuration list for PBXNativeTarget "HHM" */;
			buildPhases = (
				BB895FA92AB3781100C9C675 /* Sources */,
				BB895FAA2AB3781100C9C675 /* Frameworks */,
				BB895FAB2AB3781100C9C675 /* Resources */,
			);
			buildRules = (
			);
			dependencies = (
			);
			name = HHM;
			productName = HHM;
			productReference = BB895FAD2AB3781100C9C675 /* HHM.app */;
			productType = "com.apple.product-type.application";
		};
/* End PBXNativeTarget section */

/* Begin PBXProject section */
		BB895FA52AB3781100C9C675 /* Project object */ = {
			isa = PBXProject;
			attributes = {
				BuildIndependentTargetsInParallel = 1;
				LastSwiftUpdateCheck = 1420;
				LastUpgradeCheck = 1420;
				TargetAttributes = {
					BB895FAC2AB3781100C9C675 = {
						CreatedOnToolsVersion = 14.2;
					};
				};
			};
			buildConfigurationList = BB895FA82AB3781100C9C675 /* Build configuration list for PBXProject "HHM" */;
			compatibilityVersion = "Xcode 14.0";
			developmentRegion = en;
			hasScannedForEncodings = 0;
			knownRegions = (
				en,
				Base,
			);
			mainGroup = BB895FA42AB3781100C9C675;
			productRefGroup = BB895FAE2AB3781100C9C675 /* Products */;
			projectDirPath = "";
			projectRoot = "";
			targets = (
				BB895FAC2AB3781100C9C675 /* HHM */,
			);
		};
/* End PBXProject section */

/* Begin PBXResourcesBuildPhase section */
		BB895FAB2AB3781100C9C675 /* Resources */ = {
			isa = PBXResourcesBuildPhase;
			buildActionMask = 2147483647;
			files = (
				BB842BED2AB4CB9E00C03F3E /* White-Plate-Transparent-Background.imageset in Resources */,
				BB895FBD2AB3781300C9C675 /* LaunchScreen.storyboard in Resources */,
				BB895FBA2AB3781300C9C675 /* Assets.xcassets in Resources */,
				BB895FB82AB3781100C9C675 /* Main.storyboard in Resources */,
			);
			runOnlyForDeploymentPostprocessing = 0;
		};
/* End PBXResourcesBuildPhase section */

/* Begin PBXSourcesBuildPhase section */
		BB895FA92AB3781100C9C675 /* Sources */ = {
			isa = PBXSourcesBuildPhase;
			buildActionMask = 2147483647;
			files = (
				BB895FB52AB3781100C9C675 /* ViewController.swift in Sources */,
				BB895FB12AB3781100C9C675 /* AppDelegate.swift in Sources */,
				BB895FB32AB3781100C9C675 /* SceneDelegate.swift in Sources */,
			);
			runOnlyForDeploymentPostprocessing = 0;
		};
/* End PBXSourcesBuildPhase section */

/* Begin PBXVariantGroup section */
		BB895FB62AB3781100C9C675 /* Main.storyboard */ = {
			isa = PBXVariantGroup;
			children = (
				BB895FB72AB3781100C9C675 /* Base */,
			);
			name = Main.storyboard;
			sourceTree = "<group>";
		};
		BB895FBB2AB3781300C9C675 /* LaunchScreen.storyboard */ = {
			isa = PBXVariantGroup;
			children = (
				BB895FBC2AB3781300C9C675 /* Base */,
			);
			name = LaunchScreen.storyboard;
			sourceTree = "<group>";
		};
/* End PBXVariantGroup section */

/* Begin XCBuildConfiguration section */
		BB895FBF2AB3781300C9C675 /* Debug */ = {
			isa = XCBuildConfiguration;
			buildSettings = {
				ALWAYS_SEARCH_USER_PATHS = NO;
				CLANG_ANALYZER_NONNULL = YES;
				CLANG_ANALYZER_NUMBER_OBJECT_CONVERSION = YES_AGGRESSIVE;
				CLANG_CXX_LANGUAGE_STANDARD = "gnu++20";
				CLANG_ENABLE_MODULES = YES;
				CLANG_ENABLE_OBJC_ARC = YES;
				CLANG_ENABLE_OBJC_WEAK = YES;
				CLANG_WARN_BLOCK_CAPTURE_AUTORELEASING = YES;
				CLANG_WARN_BOOL_CONVERSION = YES;
				CLANG_WARN_COMMA = YES;
				CLANG_WARN_CONSTANT_CONVERSION = YES;
				CLANG_WARN_DEPRECATED_OBJC_IMPLEMENTATIONS = YES;
				CLANG_WARN_DIRECT_OBJC_ISA_USAGE = YES_ERROR;
				CLANG_WARN_DOCUMENTATION_COMMENTS = YES;
				CLANG_WARN_EMPTY_BODY = YES;
				CLANG_WARN_ENUM_CONVERSION = YES;
				CLANG_WARN_INFINITE_RECURSION = YES;
				CLANG_WARN_INT_CONVERSION = YES;
				CLANG_WARN_NON_LITERAL_NULL_CONVERSION = YES;
				CLANG_WARN_OBJC_IMPLICIT_RETAIN_SELF = YES;
				CLANG_WARN_OBJC_LITERAL_CONVERSION = YES;
				CLANG_WARN_OBJC_ROOT_CLASS = YES_ERROR;
				CLANG_WARN_QUOTED_INCLUDE_IN_FRAMEWORK_HEADER = YES;
				CLANG_WARN_RANGE_LOOP_ANALYSIS = YES;
				CLANG_WARN_STRICT_PROTOTYPES = YES;
				CLANG_WARN_SUSPICIOUS_MOVE = YES;
				CLANG_WARN_UNGUARDED_AVAILABILITY = YES_AGGRESSIVE;
				CLANG_WARN_UNREACHABLE_CODE = YES;
				CLANG_WARN__DUPLICATE_METHOD_MATCH = YES;
				COPY_PHASE_STRIP = NO;
				DEBUG_INFORMATION_FORMAT = dwarf;
				ENABLE_STRICT_OBJC_MSGSEND = YES;
				ENABLE_TESTABILITY = YES;
				GCC_C_LANGUAGE_STANDARD = gnu11;
				GCC_DYNAMIC_NO_PIC = NO;
				GCC_NO_COMMON_BLOCKS = YES;
				GCC_OPTIMIZATION_LEVEL = 0;
				GCC_PREPROCESSOR_DEFINITIONS = (
					"DEBUG=1",
					"$(inherited)",
				);
				GCC_WARN_64_TO_32_BIT_CONVERSION = YES;
				GCC_WARN_ABOUT_RETURN_TYPE = YES_ERROR;
				GCC_WARN_UNDECLARED_SELECTOR = YES;
				GCC_WARN_UNINITIALIZED_AUTOS = YES_AGGRESSIVE;
				GCC_WARN_UNUSED_FUNCTION = YES;
				GCC_WARN_UNUSED_VARIABLE = YES;
				IPHONEOS_DEPLOYMENT_TARGET = 16.2;
				MTL_ENABLE_DEBUG_INFO = INCLUDE_SOURCE;
				MTL_FAST_MATH = YES;
				ONLY_ACTIVE_ARCH = YES;
				SDKROOT = iphoneos;
				SWIFT_ACTIVE_COMPILATION_CONDITIONS = DEBUG;
				SWIFT_OPTIMIZATION_LEVEL = "-Onone";
			};
			name = Debug;
		};
		BB895FC02AB3781300C9C675 /* Release */ = {
			isa = XCBuildConfiguration;
			buildSettings = {
				ALWAYS_SEARCH_USER_PATHS = NO;
				CLANG_ANALYZER_NONNULL = YES;
				CLANG_ANALYZER_NUMBER_OBJECT_CONVERSION = YES_AGGRESSIVE;
				CLANG_CXX_LANGUAGE_STANDARD = "gnu++20";
				CLANG_ENABLE_MODULES = YES;
				CLANG_ENABLE_OBJC_ARC = YES;
				CLANG_ENABLE_OBJC_WEAK = YES;
				CLANG_WARN_BLOCK_CAPTURE_AUTORELEASING = YES;
				CLANG_WARN_BOOL_CONVERSION = YES;
				CLANG_WARN_COMMA = YES;
				CLANG_WARN_CONSTANT_CONVERSION = YES;
				CLANG_WARN_DEPRECATED_OBJC_IMPLEMENTATIONS = YES;
				CLANG_WARN_DIRECT_OBJC_ISA_USAGE = YES_ERROR;
				CLANG_WARN_DOCUMENTATION_COMMENTS = YES;
				CLANG_WARN_EMPTY_BODY = YES;
				CLANG_WARN_ENUM_CONVERSION = YES;
				CLANG_WARN_INFINITE_RECURSION = YES;
				CLANG_WARN_INT_CONVERSION = YES;
				CLANG_WARN_NON_LITERAL_NULL_CONVERSION = YES;
				CLANG_WARN_OBJC_IMPLICIT_RETAIN_SELF = YES;
				CLANG_WARN_OBJC_LITERAL_CONVERSION = YES;
				CLANG_WARN_OBJC_ROOT_CLASS = YES_ERROR;
				CLANG_WARN_QUOTED_INCLUDE_IN_FRAMEWORK_HEADER = YES;
				CLANG_WARN_RANGE_LOOP_ANALYSIS = YES;
				CLANG_WARN_STRICT_PROTOTYPES = YES;
				CLANG_WARN_SUSPICIOUS_MOVE = YES;
				CLANG_WARN_UNGUARDED_AVAILABILITY = YES_AGGRESSIVE;
				CLANG_WARN_UNREACHABLE_CODE = YES;
				CLANG_WARN__DUPLICATE_METHOD_MATCH = YES;
				COPY_PHASE_STRIP = NO;
				DEBUG_INFORMATION_FORMAT = "dwarf-with-dsym";
				ENABLE_NS_ASSERTIONS = NO;
				ENABLE_STRICT_OBJC_MSGSEND = YES;
				GCC_C_LANGUAGE_STANDARD = gnu11;
				GCC_NO_COMMON_BLOCKS = YES;
				GCC_WARN_64_TO_32_BIT_CONVERSION = YES;
				GCC_WARN_ABOUT_RETURN_TYPE = YES_ERROR;
				GCC_WARN_UNDECLARED_SELECTOR = YES;
				GCC_WARN_UNINITIALIZED_AUTOS = YES_AGGRESSIVE;
				GCC_WARN_UNUSED_FUNCTION = YES;
				GCC_WARN_UNUSED_VARIABLE = YES;
				IPHONEOS_DEPLOYMENT_TARGET = 16.2;
				MTL_ENABLE_DEBUG_INFO = NO;
				MTL_FAST_MATH = YES;
				SDKROOT = iphoneos;
				SWIFT_COMPILATION_MODE = wholemodule;
				SWIFT_OPTIMIZATION_LEVEL = "-O";
				VALIDATE_PRODUCT = YES;
			};
			name = Release;
		};
		BB895FC22AB3781300C9C675 /* Debug */ = {
			isa = XCBuildConfiguration;
			buildSettings = {
				ASSETCATALOG_COMPILER_APPICON_NAME = AppIcon;
				ASSETCATALOG_COMPILER_GLOBAL_ACCENT_COLOR_NAME = AccentColor;
				CODE_SIGN_STYLE = Automatic;
				CURRENT_PROJECT_VERSION = 1;
				GENERATE_INFOPLIST_FILE = YES;
				INFOPLIST_FILE = HHM/Info.plist;
				INFOPLIST_KEY_UIApplicationSupportsIndirectInputEvents = YES;
				INFOPLIST_KEY_UILaunchStoryboardName = LaunchScreen;
				INFOPLIST_KEY_UIMainStoryboardFile = Main;
				INFOPLIST_KEY_UISupportedInterfaceOrientations = UIInterfaceOrientationPortrait;
				LD_RUNPATH_SEARCH_PATHS = (
					"$(inherited)",
					"@executable_path/Frameworks",
				);
				MARKETING_VERSION = 1.0;
				PRODUCT_BUNDLE_IDENTIFIER = com.samuel.HHM;
				PRODUCT_NAME = "$(TARGET_NAME)";
				SWIFT_EMIT_LOC_STRINGS = YES;
				SWIFT_VERSION = 5.0;
				TARGETED_DEVICE_FAMILY = "1,2";
			};
			name = Debug;
		};
		BB895FC32AB3781300C9C675 /* Release */ = {
			isa = XCBuildConfiguration;
			buildSettings = {
				ASSETCATALOG_COMPILER_APPICON_NAME = AppIcon;
				ASSETCATALOG_COMPILER_GLOBAL_ACCENT_COLOR_NAME = AccentColor;
				CODE_SIGN_STYLE = Automatic;
				CURRENT_PROJECT_VERSION = 1;
				GENERATE_INFOPLIST_FILE = YES;
				INFOPLIST_FILE = HHM/Info.plist;
				INFOPLIST_KEY_UIApplicationSupportsIndirectInputEvents = YES;
				INFOPLIST_KEY_UILaunchStoryboardName = LaunchScreen;
				INFOPLIST_KEY_UIMainStoryboardFile = Main;
				INFOPLIST_KEY_UISupportedInterfaceOrientations = UIInterfaceOrientationPortrait;
				LD_RUNPATH_SEARCH_PATHS = (
					"$(inherited)",
					"@executable_path/Frameworks",
				);
				MARKETING_VERSION = 1.0;
				PRODUCT_BUNDLE_IDENTIFIER = com.samuel.HHM;
				PRODUCT_NAME = "$(TARGET_NAME)";
				SWIFT_EMIT_LOC_STRINGS = YES;
				SWIFT_VERSION = 5.0;
				TARGETED_DEVICE_FAMILY = "1,2";
			};
			name = Release;
		};
/* End XCBuildConfiguration section */

/* Begin XCConfigurationList section */
		BB895FA82AB3781100C9C675 /* Build configuration list for PBXProject "HHM" */ = {
			isa = XCConfigurationList;
			buildConfigurations = (
				BB895FBF2AB3781300C9C675 /* Debug */,
				BB895FC02AB3781300C9C675 /* Release */,
			);
			defaultConfigurationIsVisible = 0;
			defaultConfigurationName = Release;
		};
		BB895FC12AB3781300C9C675 /* Build configuration list for PBXNativeTarget "HHM" */ = {
			isa = XCConfigurationList;
			buildConfigurations = (
				BB895FC22AB3781300C9C675 /* Debug */,
				BB895FC32AB3781300C9C675 /* Release */,
			);
			defaultConfigurationIsVisible = 0;
			defaultConfigurationName = Release;
		};
/* End XCConfigurationList section */
	};
	rootObject = BB895FA52AB3781100C9C675 /* Project object */;
}
